
Microsoft Visual Studio Solution File, Format Version 12.00
# Visual Studio Version 16
VisualStudioVersion = 16.0.31624.102
MinimumVisualStudioVersion = 10.0.40219.1
Project("{FAE04EC0-301F-11D3-BF4B-00C04F79EFBC}") = "BookStore", "BookStore\BookStore.csproj", "{5FE1F1CC-47DC-44F2-B9AE-D4D47DF325EE}"
EndProject
Global
	GlobalSection(SolutionConfigurationPlatforms) = preSolution
		Debug|Any CPU = Debug|Any CPU
		Release|Any CPU = Release|Any CPU
	EndGlobalSection
	GlobalSection(ProjectConfigurationPlatforms) = postSolution
		{5FE1F1CC-47DC-44F2-B9AE-D4D47DF325EE}.Debug|Any CPU.ActiveCfg = Debug|Any CPU
		{5FE1F1CC-47DC-44F2-B9AE-D4D47DF325EE}.Debug|Any CPU.Build.0 = Debug|Any CPU
		{5FE1F1CC-47DC-44F2-B9AE-D4D47DF325EE}.Release|Any CPU.ActiveCfg = Release|Any CPU
		{5FE1F1CC-47DC-44F2-B9AE-D4D47DF325EE}.Release|Any CPU.Build.0 = Release|Any CPU
	EndGlobalSection
	GlobalSection(SolutionProperties) = preSolution
		HideSolutionNode = FALSE
	EndGlobalSection
	GlobalSection(ExtensibilityGlobals) = postSolution
		SolutionGuid = {470F19EE-FF97-47FB-8599-2B6564776E86}
	EndGlobalSection
EndGlobal
